<?xml version="1.0" encoding="utf-8"?>
<Project ToolsVersion="4.0" xmlns="http://schemas.microsoft.com/developer/msbuild/2003">
  <ItemGroup>
    <Filter Include="Source Files">
      <UniqueIdentifier>{4FC737F1-C7A5-4376-A066-2A32D752A2FF}</UniqueIdentifier>
      <Extensions>cpp;c;cc;cxx;c++;cppm;ixx;def;odl;idl;hpj;bat;asm;asmx</Extensions>
    </Filter>
    <Filter Include="Header Files">
      <UniqueIdentifier>{93995380-89BD-4b04-88EB-625FBE52EBFB}</UniqueIdentifier>
      <Extensions>h;hh;hpp;hxx;h++;hm;inl;inc;ipp;xsd</Extensions>
    </Filter>
    <Filter Include="Resource Files">
      <UniqueIdentifier>{67DA6AB6-F800-4c08-8B7A-83BB121AAD01}</UniqueIdentifier>
      <Extensions>rc;ico;cur;bmp;dlg;rc2;rct;bin;rgs;gif;jpg;jpeg;jpe;resx;tiff;tif;png;wav;mfcribbon-ms</Extensions>
    </Filter>
    <Filter Include="Source Files\Preprocessor">
      <UniqueIdentifier>{24fa3d79-82e7-482a-ba06-d783a8a5ee95}</UniqueIdentifier>
    </Filter>
    <Filter Include="Header Files\Preprocessor">
      <UniqueIdentifier>{1001e3dd-8b51-411d-ad7c-0db770955ff9}</UniqueIdentifier>
    </Filter>
    <Filter Include="Header Files\Input">
      <UniqueIdentifier>{d87a6231-9c06-42f8-b46a-0a02aae3b680}</UniqueIdentifier>
    </Filter>
    <Filter Include="Source Files\Input">
      <UniqueIdentifier>{e42d16eb-64d4-4c8c-8298-ac747c23b52e}</UniqueIdentifier>
    </Filter>
    <Filter Include="Header Files\Output">
      <UniqueIdentifier>{08a05a3a-6a50-49b4-af28-b5f6d92d51a8}</UniqueIdentifier>
    </Filter>
    <Filter Include="Source Files\Output">
      <UniqueIdentifier>{2858edd3-00f5-46f9-9a5e-db845104ca54}</UniqueIdentifier>
    </Filter>
    <Filter Include="Header Files\Annotation">
      <UniqueIdentifier>{96525350-c0ac-4289-a8a7-09a23cd48399}</UniqueIdentifier>
    </Filter>
    <Filter Include="Header Files\Model">
      <UniqueIdentifier>{1c286134-5dfe-404d-ae43-4cec28fb4caf}</UniqueIdentifier>
    </Filter>
    <Filter Include="Source Files\Model">
      <UniqueIdentifier>{76db231e-323f-41c0-976d-d61ca1c69cee}</UniqueIdentifier>
    </Filter>
  </ItemGroup>
  <ItemGroup>
    <ClCompile Include="DoubleGameCV.cpp">
      <Filter>Source Files</Filter>
    </ClCompile>
    <ClCompile Include="..\Source\ImagePreprocessor.cpp">
      <Filter>Source Files\Preprocessor</Filter>
    </ClCompile>
    <ClCompile Include="..\Source\CameraInput.cpp">
      <Filter>Source Files\Input</Filter>
    </ClCompile>
    <ClCompile Include="..\Source\TestInput.cpp">
      <Filter>Source Files\Input</Filter>
    </ClCompile>
    <ClCompile Include="..\Source\ImageUtils.cpp">
      <Filter>Source Files\Preprocessor</Filter>
    </ClCompile>
    <ClCompile Include="..\Source\CocoOutput.cpp">
      <Filter>Source Files\Output</Filter>
    </ClCompile>
    <ClCompile Include="..\Source\FasterRCnnModel.cpp">
      <Filter>Source Files\Model</Filter>
    </ClCompile>
    <ClCompile Include="..\Source\UIOutput.cpp">
      <Filter>Source Files\Output</Filter>
    </ClCompile>
    <ClCompile Include="..\Source\Game.cpp">
      <Filter>Source Files</Filter>
    </ClCompile>
    <ClCompile Include="..\Source\OutputComposite.cpp">
      <Filter>Source Files\Output</Filter>
    </ClCompile>
  </ItemGroup>
  <ItemGroup>
    <ClInclude Include="..\Source\ImagePreprocessor.h">
      <Filter>Header Files\Preprocessor</Filter>
    </ClInclude>
    <ClInclude Include="..\Source\IInput.h">
      <Filter>Header Files\Input</Filter>
    </ClInclude>
    <ClInclude Include="..\Source\CameraInput.h">
      <Filter>Header Files\Input</Filter>
    </ClInclude>
    <ClInclude Include="..\Source\TestInput.h">
      <Filter>Header Files\Input</Filter>
    </ClInclude>
    <ClInclude Include="..\Source\ImageUtils.h">
      <Filter>Header Files\Preprocessor</Filter>
    </ClInclude>
    <ClInclude Include="..\Source\IOutput.h">
      <Filter>Header Files\Output</Filter>
    </ClInclude>
    <ClInclude Include="..\Source\CocoOutput.h">
      <Filter>Header Files\Output</Filter>
    </ClInclude>
    <ClInclude Include="..\Source\Annotation.h">
      <Filter>Header Files\Annotation</Filter>
    </ClInclude>
    <ClInclude Include="..\Source\FasterRCnnModel.h">
      <Filter>Header Files\Model</Filter>
    </ClInclude>
    <ClInclude Include="..\Source\IModel.h">
      <Filter>Header Files\Model</Filter>
    </ClInclude>
    <ClInclude Include="..\Source\UIOutput.h">
      <Filter>Header Files\Output</Filter>
    </ClInclude>
    <ClInclude Include="..\Source\Game.h">
      <Filter>Header Files</Filter>
    </ClInclude>
    <ClInclude Include="..\Source\OutputComposite.h">
      <Filter>Header Files\Output</Filter>
    </ClInclude>
  </ItemGroup>
</Project>